
Microsoft Visual Studio Solution File, Format Version 12.00
# Visual Studio Version 16
VisualStudioVersion = 16.0.30517.126
MinimumVisualStudioVersion = 10.0.40219.1
Project("{9A19103F-16F7-4668-BE54-9A1E7A4F7556}") = "Exam", "Exam\Exam.csproj", "{D43BB427-2BDD-49F8-B358-9C2BDC4BA9E7}"
EndProject
Project("{FAE04EC0-301F-11D3-BF4B-00C04F79EFBC}") = "Exam2", "Exam2\Exam2.csproj", "{92CDEC8C-E8FA-495E-B8F7-6751E6390B81}"
EndProject
Project("{2150E333-8FDC-42A3-9474-1A3956D46DE8}") = "Solution Items", "Solution Items", "{58391080-5B05-464E-AA3F-6B93E957FC08}"
	ProjectSection(SolutionItems) = preProject
		.editorconfig = .editorconfig
	EndProjectSection
EndProject
Global
	GlobalSection(SolutionConfigurationPlatforms) = preSolution
		Debug|Any CPU = Debug|Any CPU
		Release|Any CPU = Release|Any CPU
	EndGlobalSection
	GlobalSection(ProjectConfigurationPlatforms) = postSolution
		{D43BB427-2BDD-49F8-B358-9C2BDC4BA9E7}.Debug|Any CPU.ActiveCfg = Debug|Any CPU
		{D43BB427-2BDD-49F8-B358-9C2BDC4BA9E7}.Debug|Any CPU.Build.0 = Debug|Any CPU
		{D43BB427-2BDD-49F8-B358-9C2BDC4BA9E7}.Release|Any CPU.ActiveCfg = Release|Any CPU
		{D43BB427-2BDD-49F8-B358-9C2BDC4BA9E7}.Release|Any CPU.Build.0 = Release|Any CPU
		{92CDEC8C-E8FA-495E-B8F7-6751E6390B81}.Debug|Any CPU.ActiveCfg = Debug|Any CPU
		{92CDEC8C-E8FA-495E-B8F7-6751E6390B81}.Debug|Any CPU.Build.0 = Debug|Any CPU
		{92CDEC8C-E8FA-495E-B8F7-6751E6390B81}.Release|Any CPU.ActiveCfg = Release|Any CPU
		{92CDEC8C-E8FA-495E-B8F7-6751E6390B81}.Release|Any CPU.Build.0 = Release|Any CPU
	EndGlobalSection
	GlobalSection(SolutionProperties) = preSolution
		HideSolutionNode = FALSE
	EndGlobalSection
	GlobalSection(ExtensibilityGlobals) = postSolution
		SolutionGuid = {E4AFB156-4385-4950-A38D-3FE59FC9AE18}
	EndGlobalSection
EndGlobal
